
Microsoft Visual Studio Solution File, Format Version 12.00
# Visual Studio Version 17
VisualStudioVersion = 17.13.35913.81 d17.13
MinimumVisualStudioVersion = 10.0.40219.1
Project("{FAE04EC0-301F-11D3-BF4B-00C04F79EFBC}") = "JobApplicationTracker.Api", "JobApplicationTracker.Api\JobApplicationTracker.Api.csproj", "{B3386013-7DDE-426B-94A2-F7B6A8A23D54}"
EndProject
Global
	GlobalSection(SolutionConfigurationPlatforms) = preSolution
		Debug|Any CPU = Debug|Any CPU
		Release|Any CPU = Release|Any CPU
	EndGlobalSection
	GlobalSection(ProjectConfigurationPlatforms) = postSolution
		{B3386013-7DDE-426B-94A2-F7B6A8A23D54}.Debug|Any CPU.ActiveCfg = Debug|Any CPU
		{B3386013-7DDE-426B-94A2-F7B6A8A23D54}.Debug|Any CPU.Build.0 = Debug|Any CPU
		{B3386013-7DDE-426B-94A2-F7B6A8A23D54}.Release|Any CPU.ActiveCfg = Release|Any CPU
		{B3386013-7DDE-426B-94A2-F7B6A8A23D54}.Release|Any CPU.Build.0 = Release|Any CPU
	EndGlobalSection
	GlobalSection(SolutionProperties) = preSolution
		HideSolutionNode = FALSE
	EndGlobalSection
	GlobalSection(ExtensibilityGlobals) = postSolution
		SolutionGuid = {169D3B19-CA77-45D4-9722-7ABD82E0A9F2}
	EndGlobalSection
EndGlobal
